
Microsoft Visual Studio Solution File, Format Version 12.00
Project("{8BC9CEB8-8B4A-11D0-8D11-00A0C91BC942}") = "Day1", "Day1\Day1.vcxproj", "{4047F157-550A-44DE-A921-33AE996CE9A2}"
EndProject
Project("{8BC9CEB8-8B4A-11D0-8D11-00A0C91BC942}") = "Day2", "Day2\Day2.vcxproj", "{ABB8B94E-1DD8-4E1C-8B92-7EEA43676430}"
EndProject
Project("{8BC9CEB8-8B4A-11D0-8D11-00A0C91BC942}") = "Day3", "Day3\Day3.vcxproj", "{BCB68A22-4FAF-43F0-AF10-1F61FE1D667C}"
EndProject
Project("{8BC9CEB8-8B4A-11D0-8D11-00A0C91BC942}") = "Day4", "Day4\Day4.vcxproj", "{1B51A237-DB3F-4BB4-8531-81252AC4568D}"
EndProject
Project("{8BC9CEB8-8B4A-11D0-8D11-00A0C91BC942}") = "Day5", "Day5\Day5.vcxproj", "{37AE1CAB-E90B-43FA-8D82-00B02D854C20}"
EndProject
Project("{8BC9CEB8-8B4A-11D0-8D11-00A0C91BC942}") = "Day6", "Day6\Day6.vcxproj", "{0DD49A08-1E1C-44DC-8689-95DE91897617}"
EndProject
Project("{8BC9CEB8-8B4A-11D0-8D11-00A0C91BC942}") = "Day7", "Day7\Day7.vcxproj", "{17017DE3-9532-4C82-8B5A-42D8457C8290}"
EndProject
Global
	GlobalSection(SolutionConfigurationPlatforms) = preSolution
		Debug|Win32 = Debug|Win32
		Debug|x64 = Debug|x64
		Release|Win32 = Release|Win32
		Release|x64 = Release|x64
	EndGlobalSection
	GlobalSection(ProjectConfigurationPlatforms) = postSolution
		{4047F157-550A-44DE-A921-33AE996CE9A2}.Debug|Win32.ActiveCfg = Debug|Win32
		{4047F157-550A-44DE-A921-33AE996CE9A2}.Debug|Win32.Build.0 = Debug|Win32
		{4047F157-550A-44DE-A921-33AE996CE9A2}.Debug|x64.ActiveCfg = Debug|x64
		{4047F157-550A-44DE-A921-33AE996CE9A2}.Debug|x64.Build.0 = Debug|x64
		{4047F157-550A-44DE-A921-33AE996CE9A2}.Release|Win32.ActiveCfg = Release|Win32
		{4047F157-550A-44DE-A921-33AE996CE9A2}.Release|Win32.Build.0 = Release|Win32
		{4047F157-550A-44DE-A921-33AE996CE9A2}.Release|x64.ActiveCfg = Release|x64
		{4047F157-550A-44DE-A921-33AE996CE9A2}.Release|x64.Build.0 = Release|x64
		{ABB8B94E-1DD8-4E1C-8B92-7EEA43676430}.Debug|Win32.ActiveCfg = Debug|Win32
		{ABB8B94E-1DD8-4E1C-8B92-7EEA43676430}.Debug|Win32.Build.0 = Debug|Win32
		{ABB8B94E-1DD8-4E1C-8B92-7EEA43676430}.Debug|x64.ActiveCfg = Debug|x64
		{ABB8B94E-1DD8-4E1C-8B92-7EEA43676430}.Debug|x64.Build.0 = Debug|x64
		{ABB8B94E-1DD8-4E1C-8B92-7EEA43676430}.Release|Win32.ActiveCfg = Release|Win32
		{ABB8B94E-1DD8-4E1C-8B92-7EEA43676430}.Release|Win32.Build.0 = Release|Win32
		{ABB8B94E-1DD8-4E1C-8B92-7EEA43676430}.Release|x64.ActiveCfg = Release|x64
		{ABB8B94E-1DD8-4E1C-8B92-7EEA43676430}.Release|x64.Build.0 = Release|x64
		{BCB68A22-4FAF-43F0-AF10-1F61FE1D667C}.Debug|Win32.ActiveCfg = Debug|Win32
		{BCB68A22-4FAF-43F0-AF10-1F61FE1D667C}.Debug|Win32.Build.0 = Debug|Win32
		{BCB68A22-4FAF-43F0-AF10-1F61FE1D667C}.Debug|x64.ActiveCfg = Debug|x64
		{BCB68A22-4FAF-43F0-AF10-1F61FE1D667C}.Debug|x64.Build.0 = Debug|x64
		{BCB68A22-4FAF-43F0-AF10-1F61FE1D667C}.Release|Win32.ActiveCfg = Release|Win32
		{BCB68A22-4FAF-43F0-AF10-1F61FE1D667C}.Release|Win32.Build.0 = Release|Win32
		{BCB68A22-4FAF-43F0-AF10-1F61FE1D667C}.Release|x64.ActiveCfg = Release|x64
		{BCB68A22-4FAF-43F0-AF10-1F61FE1D667C}.Release|x64.Build.0 = Release|x64
		{1B51A237-DB3F-4BB4-8531-81252AC4568D}.Debug|Win32.ActiveCfg = Debug|Win32
		{1B51A237-DB3F-4BB4-8531-81252AC4568D}.Debug|Win32.Build.0 = Debug|Win32
		{1B51A237-DB3F-4BB4-8531-81252AC4568D}.Debug|x64.ActiveCfg = Debug|x64
		{1B51A237-DB3F-4BB4-8531-81252AC4568D}.Debug|x64.Build.0 = Debug|x64
		{1B51A237-DB3F-4BB4-8531-81252AC4568D}.Release|Win32.ActiveCfg = Release|Win32
		{1B51A237-DB3F-4BB4-8531-81252AC4568D}.Release|Win32.Build.0 = Release|Win32
		{1B51A237-DB3F-4BB4-8531-81252AC4568D}.Release|x64.ActiveCfg = Release|x64
		{1B51A237-DB3F-4BB4-8531-81252AC4568D}.Release|x64.Build.0 = Release|x64
		{37AE1CAB-E90B-43FA-8D82-00B02D854C20}.Debug|Win32.ActiveCfg = Debug|Win32
		{37AE1CAB-E90B-43FA-8D82-00B02D854C20}.Debug|Win32.Build.0 = Debug|Win32
		{37AE1CAB-E90B-43FA-8D82-00B02D854C20}.Debug|x64.ActiveCfg = Debug|x64
		{37AE1CAB-E90B-43FA-8D82-00B02D854C20}.Debug|x64.Build.0 = Debug|x64
		{37AE1CAB-E90B-43FA-8D82-00B02D854C20}.Release|Win32.ActiveCfg = Release|Win32
		{37AE1CAB-E90B-43FA-8D82-00B02D854C20}.Release|Win32.Build.0 = Release|Win32
		{37AE1CAB-E90B-43FA-8D82-00B02D854C20}.Release|x64.ActiveCfg = Release|x64
		{37AE1CAB-E90B-43FA-8D82-00B02D854C20}.Release|x64.Build.0 = Release|x64
		{0DD49A08-1E1C-44DC-8689-95DE91897617}.Debug|Win32.ActiveCfg = Debug|Win32
		{0DD49A08-1E1C-44DC-8689-95DE91897617}.Debug|Win32.Build.0 = Debug|Win32
		{0DD49A08-1E1C-44DC-8689-95DE91897617}.Debug|x64.ActiveCfg = Debug|x64
		{0DD49A08-1E1C-44DC-8689-95DE91897617}.Debug|x64.Build.0 = Debug|x64
		{0DD49A08-1E1C-44DC-8689-95DE91897617}.Release|Win32.ActiveCfg = Release|Win32
		{0DD49A08-1E1C-44DC-8689-95DE91897617}.Release|Win32.Build.0 = Release|Win32
		{0DD49A08-1E1C-44DC-8689-95DE91897617}.Release|x64.ActiveCfg = Release|x64
		{0DD49A08-1E1C-44DC-8689-95DE91897617}.Release|x64.Build.0 = Release|x64
		{17017DE3-9532-4C82-8B5A-42D8457C8290}.Debug|Win32.ActiveCfg = Debug|Win32
		{17017DE3-9532-4C82-8B5A-42D8457C8290}.Debug|Win32.Build.0 = Debug|Win32
		{17017DE3-9532-4C82-8B5A-42D8457C8290}.Debug|x64.ActiveCfg = Debug|x64
		{17017DE3-9532-4C82-8B5A-42D8457C8290}.Debug|x64.Build.0 = Debug|x64
		{17017DE3-9532-4C82-8B5A-42D8457C8290}.Release|Win32.ActiveCfg = Release|Win32
		{17017DE3-9532-4C82-8B5A-42D8457C8290}.Release|Win32.Build.0 = Release|Win32
		{17017DE3-9532-4C82-8B5A-42D8457C8290}.Release|x64.ActiveCfg = Release|x64
		{17017DE3-9532-4C82-8B5A-42D8457C8290}.Release|x64.Build.0 = Release|x64
	EndGlobalSection
EndGlobal
